lockfileVersion: '9.0'

settings:
  autoInstallPeers: true
  excludeLinksFromLockfile: false

importers:
  .:
    dependencies:
      '@replit/connectors-sdk':
        specifier: ^0.4.1
        version: 0.4.3

packages:
  '@replit/connectors-sdk@0.4.3':
    resolution: {integrity: sha512-7XoaRty/O6JF161UkVBI8UewZ96XCNNN1kRvT9Q41IRH3xr+6ImylvXtirIghydDd2FCQvIkY4HQscOOr45otA==}

snapshots:
  '@replit/connectors-sdk@0.4.3': {}
